// !$*UTF8*$!
{
	archiveVersion = 1;
	classes = {
	};
	objectVersion = 56;
	objects = {

/* Begin PBXBuildFile section */
		485747D42AEDAF3900A9918C /* TipsyApp.swift in Sources */ = {isa = PBXBuildFile; fileRef = 485747D32AEDAF3900A9918C /* TipsyApp.swift */; };
		485747D62AEDAF3900A9918C /* ContentView.swift in Sources */ = {isa = PBXBuildFile; fileRef = 485747D52AEDAF3900A9918C /* ContentView.swift */; };
		485747D82AEDAF3900A9918C /* Assets.xcassets in Resources */ = {isa = PBXBuildFile; fileRef = 485747D72AEDAF3900A9918C /* Assets.xcassets */; };
		485747DB2AEDAF3900A9918C /* Preview Assets.xcassets in Resources */ = {isa = PBXBuildFile; fileRef = 485747DA2AEDAF3900A9918C /* Preview Assets.xcassets */; };
		485747E52AEDAF3900A9918C /* TipsyTests.swift in Sources */ = {isa = PBXBuildFile; fileRef = 485747E42AEDAF3900A9918C /* TipsyTests.swift */; };
		485747EF2AEDAF3A00A9918C /* TipsyUITests.swift in Sources */ = {isa = PBXBuildFile; fileRef = 485747EE2AEDAF3A00A9918C /* TipsyUITests.swift */; };
		485747F12AEDAF3A00A9918C /* TipsyUITestsLaunchTests.swift in Sources */ = {isa = PBXBuildFile; fileRef = 485747F02AEDAF3A00A9918C /* TipsyUITestsLaunchTests.swift */; };
/* End PBXBuildFile section */

/* Begin PBXContainerItemProxy section */
		485747E12AEDAF3900A9918C /* PBXContainerItemProxy */ = {
			isa = PBXContainerItemProxy;
			containerPortal = 485747C82AEDAF3900A9918C /* Project object */;
			proxyType = 1;
			remoteGlobalIDString = 485747CF2AEDAF3900A9918C;
			remoteInfo = Tipsy;
		};
		485747EB2AEDAF3A00A9918C /* PBXContainerItemProxy */ = {
			isa = PBXContainerItemProxy;
			containerPortal = 485747C82AEDAF3900A9918C /* Project object */;
			proxyType = 1;
			remoteGlobalIDString = 485747CF2AEDAF3900A9918C;
			remoteInfo = Tipsy;
		};
/* End PBXContainerItemProxy section */

/* Begin PBXFileReference section */
		485747D02AEDAF3900A9918C /* Tipsy.app */ = {isa = PBXFileReference; explicitFileType = wrapper.application; includeInIndex = 0; path = Tipsy.app; sourceTree = BUILT_PRODUCTS_DIR; };
		485747D32AEDAF3900A9918C /* TipsyApp.swift */ = {isa = PBXFileReference; lastKnownFileType = sourcecode.swift; path = TipsyApp.swift; sourceTree = "<group>"; };
		485747D52AEDAF3900A9918C /* ContentView.swift */ = {isa = PBXFileReference; lastKnownFileType = sourcecode.swift; path = ContentView.swift; sourceTree = "<group>"; };
		485747D72AEDAF3900A9918C /* Assets.xcassets */ = {isa = PBXFileReference; lastKnownFileType = folder.assetcatalog; path = Assets.xcassets; sourceTree = "<group>"; };
		485747DA2AEDAF3900A9918C /* Preview Assets.xcassets */ = {isa = PBXFileReference; lastKnownFileType = folder.assetcatalog; path = "Preview Assets.xcassets"; sourceTree = "<group>"; };
		485747E02AEDAF3900A9918C /* TipsyTests.xctest */ = {isa = PBXFileReference; explicitFileType = wrapper.cfbundle; includeInIndex = 0; path = TipsyTests.xctest; sourceTree = BUILT_PRODUCTS_DIR; };
		485747E42AEDAF3900A9918C /* TipsyTests.swift */ = {isa = PBXFileReference; lastKnownFileType = sourcecode.swift; path = TipsyTests.swift; sourceTree = "<group>"; };
		485747EA2AEDAF3A00A9918C /* TipsyUITests.xctest */ = {isa = PBXFileReference; explicitFileType = wrapper.cfbundle; includeInIndex = 0; path = TipsyUITests.xctest; sourceTree = BUILT_PRODUCTS_DIR; };
		485747EE2AEDAF3A00A9918C /* TipsyUITests.swift */ = {isa = PBXFileReference; lastKnownFileType = sourcecode.swift; path = TipsyUITests.swift; sourceTree = "<group>"; };
		485747F02AEDAF3A00A9918C /* TipsyUITestsLaunchTests.swift */ = {isa = PBXFileReference; lastKnownFileType = sourcecode.swift; path = TipsyUITestsLaunchTests.swift; sourceTree = "<group>"; };
/* End PBXFileReference section */

/* Begin PBXFrameworksBuildPhase section */
		485747CD2AEDAF3900A9918C /* Frameworks */ = {
			isa = PBXFrameworksBuildPhase;
			buildActionMask = 2147483647;
			files = (
			);
			runOnlyForDeploymentPostprocessing = 0;
		};
		485747DD2AEDAF3900A9918C /* Frameworks */ = {
			isa = PBXFrameworksBuildPhase;
			buildActionMask = 2147483647;
			files = (
			);
			runOnlyForDeploymentPostprocessing = 0;
		};
		485747E72AEDAF3A00A9918C /* Frameworks */ = {
			isa = PBXFrameworksBuildPhase;
			buildActionMask = 2147483647;
			files = (
			);
			runOnlyForDeploymentPostprocessing = 0;
		};
/* End PBXFrameworksBuildPhase section */

/* Begin PBXGroup section */
		485747C72AEDAF3900A9918C = {
			isa = PBXGroup;
			children = (
				485747D22AEDAF3900A9918C /* Tipsy */,
				485747E32AEDAF3900A9918C /* TipsyTests */,
				485747ED2AEDAF3A00A9918C /* TipsyUITests */,
				485747D12AEDAF3900A9918C /* Products */,
			);
			sourceTree = "<group>";
		};
		485747D12AEDAF3900A9918C /* Products */ = {
			isa = PBXGroup;
			children = (
				485747D02AEDAF3900A9918C /* Tipsy.app */,
				485747E02AEDAF3900A9918C /* TipsyTests.xctest */,
				485747EA2AEDAF3A00A9918C /* TipsyUITests.xctest */,
			);
			name = Products;
			sourceTree = "<group>";
		};
		485747D22AEDAF3900A9918C /* Tipsy */ = {
			isa = PBXGroup;
			children = (
				485747D32AEDAF3900A9918C /* TipsyApp.swift */,
				485747D52AEDAF3900A9918C /* ContentView.swift */,
				485747D72AEDAF3900A9918C /* Assets.xcassets */,
				485747D92AEDAF3900A9918C /* Preview Content */,
			);
			path = Tipsy;
			sourceTree = "<group>";
		};
		485747D92AEDAF3900A9918C /* Preview Content */ = {
			isa = PBXGroup;
			children = (
				485747DA2AEDAF3900A9918C /* Preview Assets.xcassets */,
			);
			path = "Preview Content";
			sourceTree = "<group>";
		};
		485747E32AEDAF3900A9918C /* TipsyTests */ = {
			isa = PBXGroup;
			children = (
				485747E42AEDAF3900A9918C /* TipsyTests.swift */,
			);
			path = TipsyTests;
			sourceTree = "<group>";
		};
		485747ED2AEDAF3A00A9918C /* TipsyUITests */ = {
			isa = PBXGroup;
			children = (
				485747EE2AEDAF3A00A9918C /* TipsyUITests.swift */,
				485747F02AEDAF3A00A9918C /* TipsyUITestsLaunchTests.swift */,
			);
			path = TipsyUITests;
			sourceTree = "<group>";
		};
/* End PBXGroup section */

/* Begin PBXNativeTarget section */
		485747CF2AEDAF3900A9918C /* Tipsy */ = {
			isa = PBXNativeTarget;
			buildConfigurationList = 485747F42AEDAF3A00A9918C /* Build configuration list for PBXNativeTarget "Tipsy" */;
			buildPhases = (
				485747CC2AEDAF3900A9918C /* Sources */,
				485747CD2AEDAF3900A9918C /* Frameworks */,
				485747CE2AEDAF3900A9918C /* Resources */,
			);
			buildRules = (
			);
			dependencies = (
			);
			name = Tipsy;
			productName = Tipsy;
			productReference = 485747D02AEDAF3900A9918C /* Tipsy.app */;
			productType = "com.apple.product-type.application";
		};
		485747DF2AEDAF3900A9918C /* TipsyTests */ = {
			isa = PBXNativeTarget;
			buildConfigurationList = 485747F72AEDAF3A00A9918C /* Build configuration list for PBXNativeTarget "TipsyTests" */;
			buildPhases = (
				485747DC2AEDAF3900A9918C /* Sources */,
				485747DD2AEDAF3900A9918C /* Frameworks */,
				485747DE2AEDAF3900A9918C /* Resources */,
			);
			buildRules = (
			);
			dependencies = (
				485747E22AEDAF3900A9918C /* PBXTargetDependency */,
			);
			name = TipsyTests;
			productName = TipsyTests;
			productReference = 485747E02AEDAF3900A9918C /* TipsyTests.xctest */;
			productType = "com.apple.product-type.bundle.unit-test";
		};
		485747E92AEDAF3A00A9918C /* TipsyUITests */ = {
			isa = PBXNativeTarget;
			buildConfigurationList = 485747FA2AEDAF3A00A9918C /* Build configuration list for PBXNativeTarget "TipsyUITests" */;
			buildPhases = (
				485747E62AEDAF3A00A9918C /* Sources */,
				485747E72AEDAF3A00A9918C /* Frameworks */,
				485747E82AEDAF3A00A9918C /* Resources */,
			);
			buildRules = (
			);
			dependencies = (
				485747EC2AEDAF3A00A9918C /* PBXTargetDependency */,
			);
			name = TipsyUITests;
			productName = TipsyUITests;
			productReference = 485747EA2AEDAF3A00A9918C /* TipsyUITests.xctest */;
			productType = "com.apple.product-type.bundle.ui-testing";
		};
/* End PBXNativeTarget section */

/* Begin PBXProject section */
		485747C82AEDAF3900A9918C /* Project object */ = {
			isa = PBXProject;
			attributes = {
				BuildIndependentTargetsInParallel = 1;
				LastSwiftUpdateCheck = 1500;
				LastUpgradeCheck = 1500;
				TargetAttributes = {
					485747CF2AEDAF3900A9918C = {
						CreatedOnToolsVersion = 15.0.1;
					};
					485747DF2AEDAF3900A9918C = {
						CreatedOnToolsVersion = 15.0.1;
						TestTargetID = 485747CF2AEDAF3900A9918C;
					};
					485747E92AEDAF3A00A9918C = {
						CreatedOnToolsVersion = 15.0.1;
						TestTargetID = 485747CF2AEDAF3900A9918C;
					};
				};
			};
			buildConfigurationList = 485747CB2AEDAF3900A9918C /* Build configuration list for PBXProject "Tipsy" */;
			compatibilityVersion = "Xcode 14.0";
			developmentRegion = en;
			hasScannedForEncodings = 0;
			knownRegions = (
				en,
				Base,
			);
			mainGroup = 485747C72AEDAF3900A9918C;
			productRefGroup = 485747D12AEDAF3900A9918C /* Products */;
			projectDirPath = "";
			projectRoot = "";
			targets = (
				485747CF2AEDAF3900A9918C /* Tipsy */,
				485747DF2AEDAF3900A9918C /* TipsyTests */,
				485747E92AEDAF3A00A9918C /* TipsyUITests */,
			);
		};
/* End PBXProject section */

/* Begin PBXResourcesBuildPhase section */
		485747CE2AEDAF3900A9918C /* Resources */ = {
			isa = PBXResourcesBuildPhase;
			buildActionMask = 2147483647;
			files = (
				485747DB2AEDAF3900A9918C /* Preview Assets.xcassets in Resources */,
				485747D82AEDAF3900A9918C /* Assets.xcassets in Resources */,
			);
			runOnlyForDeploymentPostprocessing = 0;
		};
		485747DE2AEDAF3900A9918C /* Resources */ = {
			isa = PBXResourcesBuildPhase;
			buildActionMask = 2147483647;
			files = (
			);
			runOnlyForDeploymentPostprocessing = 0;
		};
		485747E82AEDAF3A00A9918C /* Resources */ = {
			isa = PBXResourcesBuildPhase;
			buildActionMask = 2147483647;
			files = (
			);
			runOnlyForDeploymentPostprocessing = 0;
		};
/* End PBXResourcesBuildPhase section */

/* Begin PBXSourcesBuildPhase section */
		485747CC2AEDAF3900A9918C /* Sources */ = {
			isa = PBXSourcesBuildPhase;
			buildActionMask = 2147483647;
			files = (
				485747D62AEDAF3900A9918C /* ContentView.swift in Sources */,
				485747D42AEDAF3900A9918C /* TipsyApp.swift in Sources */,
			);
			runOnlyForDeploymentPostprocessing = 0;
		};
		485747DC2AEDAF3900A9918C /* Sources */ = {
			isa = PBXSourcesBuildPhase;
			buildActionMask = 2147483647;
			files = (
				485747E52AEDAF3900A9918C /* TipsyTests.swift in Sources */,
			);
			runOnlyForDeploymentPostprocessing = 0;
		};
		485747E62AEDAF3A00A9918C /* Sources */ = {
			isa = PBXSourcesBuildPhase;
			buildActionMask = 2147483647;
			files = (
				485747F12AEDAF3A00A9918C /* TipsyUITestsLaunchTests.swift in Sources */,
				485747EF2AEDAF3A00A9918C /* TipsyUITests.swift in Sources */,
			);
			runOnlyForDeploymentPostprocessing = 0;
		};
/* End PBXSourcesBuildPhase section */

/* Begin PBXTargetDependency section */
		485747E22AEDAF3900A9918C /* PBXTargetDependency */ = {
			isa = PBXTargetDependency;
			target = 485747CF2AEDAF3900A9918C /* Tipsy */;
			targetProxy = 485747E12AEDAF3900A9918C /* PBXContainerItemProxy */;
		};
		485747EC2AEDAF3A00A9918C /* PBXTargetDependency */ = {
			isa = PBXTargetDependency;
			target = 485747CF2AEDAF3900A9918C /* Tipsy */;
			targetProxy = 485747EB2AEDAF3A00A9918C /* PBXContainerItemProxy */;
		};
/* End PBXTargetDependency section */

/* Begin XCBuildConfiguration section */
		485747F22AEDAF3A00A9918C /* Debug */ = {
			isa = XCBuildConfiguration;
			buildSettings = {
				ALWAYS_SEARCH_USER_PATHS = NO;
				ASSETCATALOG_COMPILER_GENERATE_SWIFT_ASSET_SYMBOL_EXTENSIONS = YES;
				CLANG_ANALYZER_NONNULL = YES;
				CLANG_ANALYZER_NUMBER_OBJECT_CONVERSION = YES_AGGRESSIVE;
				CLANG_CXX_LANGUAGE_STANDARD = "gnu++20";
				CLANG_ENABLE_MODULES = YES;
				CLANG_ENABLE_OBJC_ARC = YES;
				CLANG_ENABLE_OBJC_WEAK = YES;
				CLANG_WARN_BLOCK_CAPTURE_AUTORELEASING = YES;
				CLANG_WARN_BOOL_CONVERSION = YES;
				CLANG_WARN_COMMA = YES;
				CLANG_WARN_CONSTANT_CONVERSION = YES;
				CLANG_WARN_DEPRECATED_OBJC_IMPLEMENTATIONS = YES;
				CLANG_WARN_DIRECT_OBJC_ISA_USAGE = YES_ERROR;
				CLANG_WARN_DOCUMENTATION_COMMENTS = YES;
				CLANG_WARN_EMPTY_BODY = YES;
				CLANG_WARN_ENUM_CONVERSION = YES;
				CLANG_WARN_INFINITE_RECURSION = YES;
				CLANG_WARN_INT_CONVERSION = YES;
				CLANG_WARN_NON_LITERAL_NULL_CONVERSION = YES;
				CLANG_WARN_OBJC_IMPLICIT_RETAIN_SELF = YES;
				CLANG_WARN_OBJC_LITERAL_CONVERSION = YES;
				CLANG_WARN_OBJC_ROOT_CLASS = YES_ERROR;
				CLANG_WARN_QUOTED_INCLUDE_IN_FRAMEWORK_HEADER = YES;
				CLANG_WARN_RANGE_LOOP_ANALYSIS = YES;
				CLANG_WARN_STRICT_PROTOTYPES = YES;
				CLANG_WARN_SUSPICIOUS_MOVE = YES;
				CLANG_WARN_UNGUARDED_AVAILABILITY = YES_AGGRESSIVE;
				CLANG_WARN_UNREACHABLE_CODE = YES;
				CLANG_WARN__DUPLICATE_METHOD_MATCH = YES;
				COPY_PHASE_STRIP = NO;
				DEBUG_INFORMATION_FORMAT = dwarf;
				ENABLE_STRICT_OBJC_MSGSEND = YES;
				ENABLE_TESTABILITY = YES;
				ENABLE_USER_SCRIPT_SANDBOXING = YES;
				GCC_C_LANGUAGE_STANDARD = gnu17;
				GCC_DYNAMIC_NO_PIC = NO;
				GCC_NO_COMMON_BLOCKS = YES;
				GCC_OPTIMIZATION_LEVEL = 0;
				GCC_PREPROCESSOR_DEFINITIONS = (
					"DEBUG=1",
					"$(inherited)",
				);
				GCC_WARN_64_TO_32_BIT_CONVERSION = YES;
				GCC_WARN_ABOUT_RETURN_TYPE = YES_ERROR;
				GCC_WARN_UNDECLARED_SELECTOR = YES;
				GCC_WARN_UNINITIALIZED_AUTOS = YES_AGGRESSIVE;
				GCC_WARN_UNUSED_FUNCTION = YES;
				GCC_WARN_UNUSED_VARIABLE = YES;
				IPHONEOS_DEPLOYMENT_TARGET = 17.0;
				LOCALIZATION_PREFERS_STRING_CATALOGS = YES;
				MTL_ENABLE_DEBUG_INFO = INCLUDE_SOURCE;
				MTL_FAST_MATH = YES;
				ONLY_ACTIVE_ARCH = YES;
				SDKROOT = iphoneos;
				SWIFT_ACTIVE_COMPILATION_CONDITIONS = "DEBUG $(inherited)";
				SWIFT_OPTIMIZATION_LEVEL = "-Onone";
			};
			name = Debug;
		};
		485747F32AEDAF3A00A9918C /* Release */ = {
			isa = XCBuildConfiguration;
			buildSettings = {
				ALWAYS_SEARCH_USER_PATHS = NO;
				ASSETCATALOG_COMPILER_GENERATE_SWIFT_ASSET_SYMBOL_EXTENSIONS = YES;
				CLANG_ANALYZER_NONNULL = YES;
				CLANG_ANALYZER_NUMBER_OBJECT_CONVERSION = YES_AGGRESSIVE;
				CLANG_CXX_LANGUAGE_STANDARD = "gnu++20";
				CLANG_ENABLE_MODULES = YES;
				CLANG_ENABLE_OBJC_ARC = YES;
				CLANG_ENABLE_OBJC_WEAK = YES;
				CLANG_WARN_BLOCK_CAPTURE_AUTORELEASING = YES;
				CLANG_WARN_BOOL_CONVERSION = YES;
				CLANG_WARN_COMMA = YES;
				CLANG_WARN_CONSTANT_CONVERSION = YES;
				CLANG_WARN_DEPRECATED_OBJC_IMPLEMENTATIONS = YES;
				CLANG_WARN_DIRECT_OBJC_ISA_USAGE = YES_ERROR;
				CLANG_WARN_DOCUMENTATION_COMMENTS = YES;
				CLANG_WARN_EMPTY_BODY = YES;
				CLANG_WARN_ENUM_CONVERSION = YES;
				CLANG_WARN_INFINITE_RECURSION = YES;
				CLANG_WARN_INT_CONVERSION = YES;
				CLANG_WARN_NON_LITERAL_NULL_CONVERSION = YES;
				CLANG_WARN_OBJC_IMPLICIT_RETAIN_SELF = YES;
				CLANG_WARN_OBJC_LITERAL_CONVERSION = YES;
				CLANG_WARN_OBJC_ROOT_CLASS = YES_ERROR;
				CLANG_WARN_QUOTED_INCLUDE_IN_FRAMEWORK_HEADER = YES;
				CLANG_WARN_RANGE_LOOP_ANALYSIS = YES;
				CLANG_WARN_STRICT_PROTOTYPES = YES;
				CLANG_WARN_SUSPICIOUS_MOVE = YES;
				CLANG_WARN_UNGUARDED_AVAILABILITY = YES_AGGRESSIVE;
				CLANG_WARN_UNREACHABLE_CODE = YES;
				CLANG_WARN__DUPLICATE_METHOD_MATCH = YES;
				COPY_PHASE_STRIP = NO;
				DEBUG_INFORMATION_FORMAT = "dwarf-with-dsym";
				ENABLE_NS_ASSERTIONS = NO;
				ENABLE_STRICT_OBJC_MSGSEND = YES;
				ENABLE_USER_SCRIPT_SANDBOXING = YES;
				GCC_C_LANGUAGE_STANDARD = gnu17;
				GCC_NO_COMMON_BLOCKS = YES;
				GCC_WARN_64_TO_32_BIT_CONVERSION = YES;
				GCC_WARN_ABOUT_RETURN_TYPE = YES_ERROR;
				GCC_WARN_UNDECLARED_SELECTOR = YES;
				GCC_WARN_UNINITIALIZED_AUTOS = YES_AGGRESSIVE;
				GCC_WARN_UNUSED_FUNCTION = YES;
				GCC_WARN_UNUSED_VARIABLE = YES;
				IPHONEOS_DEPLOYMENT_TARGET = 17.0;
				LOCALIZATION_PREFERS_STRING_CATALOGS = YES;
				MTL_ENABLE_DEBUG_INFO = NO;
				MTL_FAST_MATH = YES;
				SDKROOT = iphoneos;
				SWIFT_COMPILATION_MODE = wholemodule;
				VALIDATE_PRODUCT = YES;
			};
			name = Release;
		};
		485747F52AEDAF3A00A9918C /* Debug */ = {
			isa = XCBuildConfiguration;
			buildSettings = {
				ASSETCATALOG_COMPILER_APPICON_NAME = AppIcon;
				ASSETCATALOG_COMPILER_GLOBAL_ACCENT_COLOR_NAME = AccentColor;
				CODE_SIGN_STYLE = Automatic;
				CURRENT_PROJECT_VERSION = 1;
				DEVELOPMENT_ASSET_PATHS = "\"Tipsy/Preview Content\"";
				DEVELOPMENT_TEAM = AZXUTLQ7YN;
				ENABLE_PREVIEWS = YES;
				GENERATE_INFOPLIST_FILE = YES;
				INFOPLIST_KEY_UIApplicationSceneManifest_Generation = YES;
				INFOPLIST_KEY_UIApplicationSupportsIndirectInputEvents = YES;
				INFOPLIST_KEY_UILaunchScreen_Generation = YES;
				INFOPLIST_KEY_UISupportedInterfaceOrientations_iPad = "UIInterfaceOrientationPortrait UIInterfaceOrientationPortraitUpsideDown UIInterfaceOrientationLandscapeLeft UIInterfaceOrientationLandscapeRight";
				INFOPLIST_KEY_UISupportedInterfaceOrientations_iPhone = "UIInterfaceOrientationPortrait UIInterfaceOrientationLandscapeLeft UIInterfaceOrientationLandscapeRight";
				LD_RUNPATH_SEARCH_PATHS = (
					"$(inherited)",
					"@executable_path/Frameworks",
				);
				MARKETING_VERSION = 1.0;
				PRODUCT_BUNDLE_IDENTIFIER = com.swapnilB.Tipsy;
				PRODUCT_NAME = "$(TARGET_NAME)";
				SWIFT_EMIT_LOC_STRINGS = YES;
				SWIFT_VERSION = 5.0;
				TARGETED_DEVICE_FAMILY = "1,2";
			};
			name = Debug;
		};
		485747F62AEDAF3A00A9918C /* Release */ = {
			isa = XCBuildConfiguration;
			buildSettings = {
				ASSETCATALOG_COMPILER_APPICON_NAME = AppIcon;
				ASSETCATALOG_COMPILER_GLOBAL_ACCENT_COLOR_NAME = AccentColor;
				CODE_SIGN_STYLE = Automatic;
				CURRENT_PROJECT_VERSION = 1;
				DEVELOPMENT_ASSET_PATHS = "\"Tipsy/Preview Content\"";
				DEVELOPMENT_TEAM = AZXUTLQ7YN;
				ENABLE_PREVIEWS = YES;
				GENERATE_INFOPLIST_FILE = YES;
				INFOPLIST_KEY_UIApplicationSceneManifest_Generation = YES;
				INFOPLIST_KEY_UIApplicationSupportsIndirectInputEvents = YES;
				INFOPLIST_KEY_UILaunchScreen_Generation = YES;
				INFOPLIST_KEY_UISupportedInterfaceOrientations_iPad = "UIInterfaceOrientationPortrait UIInterfaceOrientationPortraitUpsideDown UIInterfaceOrientationLandscapeLeft UIInterfaceOrientationLandscapeRight";
				INFOPLIST_KEY_UISupportedInterfaceOrientations_iPhone = "UIInterfaceOrientationPortrait UIInterfaceOrientationLandscapeLeft UIInterfaceOrientationLandscapeRight";
				LD_RUNPATH_SEARCH_PATHS = (
					"$(inherited)",
					"@executable_path/Frameworks",
				);
				MARKETING_VERSION = 1.0;
				PRODUCT_BUNDLE_IDENTIFIER = com.swapnilB.Tipsy;
				PRODUCT_NAME = "$(TARGET_NAME)";
				SWIFT_EMIT_LOC_STRINGS = YES;
				SWIFT_VERSION = 5.0;
				TARGETED_DEVICE_FAMILY = "1,2";
			};
			name = Release;
		};
		485747F82AEDAF3A00A9918C /* Debug */ = {
			isa = XCBuildConfiguration;
			buildSettings = {
				ALWAYS_EMBED_SWIFT_STANDARD_LIBRARIES = YES;
				BUNDLE_LOADER = "$(TEST_HOST)";
				CODE_SIGN_STYLE = Automatic;
				CURRENT_PROJECT_VERSION = 1;
				DEVELOPMENT_TEAM = AZXUTLQ7YN;
				GENERATE_INFOPLIST_FILE = YES;
				IPHONEOS_DEPLOYMENT_TARGET = 17.0;
				MARKETING_VERSION = 1.0;
				PRODUCT_BUNDLE_IDENTIFIER = com.swapnilB.TipsyTests;
				PRODUCT_NAME = "$(TARGET_NAME)";
				SWIFT_EMIT_LOC_STRINGS = NO;
				SWIFT_VERSION = 5.0;
				TARGETED_DEVICE_FAMILY = "1,2";
				TEST_HOST = "$(BUILT_PRODUCTS_DIR)/Tipsy.app/$(BUNDLE_EXECUTABLE_FOLDER_PATH)/Tipsy";
			};
			name = Debug;
		};
		485747F92AEDAF3A00A9918C /* Release */ = {
			isa = XCBuildConfiguration;
			buildSettings = {
				ALWAYS_EMBED_SWIFT_STANDARD_LIBRARIES = YES;
				BUNDLE_LOADER = "$(TEST_HOST)";
				CODE_SIGN_STYLE = Automatic;
				CURRENT_PROJECT_VERSION = 1;
				DEVELOPMENT_TEAM = AZXUTLQ7YN;
				GENERATE_INFOPLIST_FILE = YES;
				IPHONEOS_DEPLOYMENT_TARGET = 17.0;
				MARKETING_VERSION = 1.0;
				PRODUCT_BUNDLE_IDENTIFIER = com.swapnilB.TipsyTests;
				PRODUCT_NAME = "$(TARGET_NAME)";
				SWIFT_EMIT_LOC_STRINGS = NO;
				SWIFT_VERSION = 5.0;
				TARGETED_DEVICE_FAMILY = "1,2";
				TEST_HOST = "$(BUILT_PRODUCTS_DIR)/Tipsy.app/$(BUNDLE_EXECUTABLE_FOLDER_PATH)/Tipsy";
			};
			name = Release;
		};
		485747FB2AEDAF3A00A9918C /* Debug */ = {
			isa = XCBuildConfiguration;
			buildSettings = {
				ALWAYS_EMBED_SWIFT_STANDARD_LIBRARIES = YES;
				CODE_SIGN_STYLE = Automatic;
				CURRENT_PROJECT_VERSION = 1;
				DEVELOPMENT_TEAM = AZXUTLQ7YN;
				GENERATE_INFOPLIST_FILE = YES;
				MARKETING_VERSION = 1.0;
				PRODUCT_BUNDLE_IDENTIFIER = com.swapnilB.TipsyUITests;
				PRODUCT_NAME = "$(TARGET_NAME)";
				SWIFT_EMIT_LOC_STRINGS = NO;
				SWIFT_VERSION = 5.0;
				TARGETED_DEVICE_FAMILY = "1,2";
				TEST_TARGET_NAME = Tipsy;
			};
			name = Debug;
		};
		485747FC2AEDAF3A00A9918C /* Release */ = {
			isa = XCBuildConfiguration;
			buildSettings = {
				ALWAYS_EMBED_SWIFT_STANDARD_LIBRARIES = YES;
				CODE_SIGN_STYLE = Automatic;
				CURRENT_PROJECT_VERSION = 1;
				DEVELOPMENT_TEAM = AZXUTLQ7YN;
				GENERATE_INFOPLIST_FILE = YES;
				MARKETING_VERSION = 1.0;
				PRODUCT_BUNDLE_IDENTIFIER = com.swapnilB.TipsyUITests;
				PRODUCT_NAME = "$(TARGET_NAME)";
				SWIFT_EMIT_LOC_STRINGS = NO;
				SWIFT_VERSION = 5.0;
				TARGETED_DEVICE_FAMILY = "1,2";
				TEST_TARGET_NAME = Tipsy;
			};
			name = Release;
		};
/* End XCBuildConfiguration section */

/* Begin XCConfigurationList section */
		485747CB2AEDAF3900A9918C /* Build configuration list for PBXProject "Tipsy" */ = {
			isa = XCConfigurationList;
			buildConfigurations = (
				485747F22AEDAF3A00A9918C /* Debug */,
				485747F32AEDAF3A00A9918C /* Release */,
			);
			defaultConfigurationIsVisible = 0;
			defaultConfigurationName = Release;
		};
		485747F42AEDAF3A00A9918C /* Build configuration list for PBXNativeTarget "Tipsy" */ = {
			isa = XCConfigurationList;
			buildConfigurations = (
				485747F52AEDAF3A00A9918C /* Debug */,
				485747F62AEDAF3A00A9918C /* Release */,
			);
			defaultConfigurationIsVisible = 0;
			defaultConfigurationName = Release;
		};
		485747F72AEDAF3A00A9918C /* Build configuration list for PBXNativeTarget "TipsyTests" */ = {
			isa = XCConfigurationList;
			buildConfigurations = (
				485747F82AEDAF3A00A9918C /* Debug */,
				485747F92AEDAF3A00A9918C /* Release */,
			);
			defaultConfigurationIsVisible = 0;
			defaultConfigurationName = Release;
		};
		485747FA2AEDAF3A00A9918C /* Build configuration list for PBXNativeTarget "TipsyUITests" */ = {
			isa = XCConfigurationList;
			buildConfigurations = (
				485747FB2AEDAF3A00A9918C /* Debug */,
				485747FC2AEDAF3A00A9918C /* Release */,
			);
			defaultConfigurationIsVisible = 0;
			defaultConfigurationName = Release;
		};
/* End XCConfigurationList section */
	};
	rootObject = 485747C82AEDAF3900A9918C /* Project object */;
}
